// !$*UTF8*$!
{
	archiveVersion = 1;
	classes = {
	};
	objectVersion = 46;
	objects = {

/* Begin PBXBuildFile section */
		CBD800E51E89ED6F00E30A5F /* AppDelegate.swift in Sources */ = {isa = PBXBuildFile; fileRef = CBD800E41E89ED6F00E30A5F /* AppDelegate.swift */; };
		CBD800E71E89ED6F00E30A5F /* ViewController.swift in Sources */ = {isa = PBXBuildFile; fileRef = CBD800E61E89ED6F00E30A5F /* ViewController.swift */; };
		CBD800EA1E89ED6F00E30A5F /* Main.storyboard in Resources */ = {isa = PBXBuildFile; fileRef = CBD800E81E89ED6F00E30A5F /* Main.storyboard */; };
		CBD800EC1E89ED6F00E30A5F /* Assets.xcassets in Resources */ = {isa = PBXBuildFile; fileRef = CBD800EB1E89ED6F00E30A5F /* Assets.xcassets */; };
		CBD800EF1E89ED6F00E30A5F /* LaunchScreen.storyboard in Resources */ = {isa = PBXBuildFile; fileRef = CBD800ED1E89ED6F00E30A5F /* LaunchScreen.storyboard */; };
		CBD800F91E89F1F700E30A5F /* DetailViewController.swift in Sources */ = {isa = PBXBuildFile; fileRef = CBD800F81E89F1F700E30A5F /* DetailViewController.swift */; };
		CBD800FB1E8A0B4A00E30A5F /* Common.swift in Sources */ = {isa = PBXBuildFile; fileRef = CBD800FA1E8A0B4A00E30A5F /* Common.swift */; };
/* End PBXBuildFile section */

/* Begin PBXFileReference section */
		CBD800E11E89ED6F00E30A5F /* Animations.app */ = {isa = PBXFileReference; explicitFileType = wrapper.application; includeInIndex = 0; path = Animations.app; sourceTree = BUILT_PRODUCTS_DIR; };
		CBD800E41E89ED6F00E30A5F /* AppDelegate.swift */ = {isa = PBXFileReference; lastKnownFileType = sourcecode.swift; path = AppDelegate.swift; sourceTree = "<group>"; };
		CBD800E61E89ED6F00E30A5F /* ViewController.swift */ = {isa = PBXFileReference; lastKnownFileType = sourcecode.swift; path = ViewController.swift; sourceTree = "<group>"; };
		CBD800E91E89ED6F00E30A5F /* Base */ = {isa = PBXFileReference; lastKnownFileType = file.storyboard; name = Base; path = Base.lproj/Main.storyboard; sourceTree = "<group>"; };
		CBD800EB1E89ED6F00E30A5F /* Assets.xcassets */ = {isa = PBXFileReference; lastKnownFileType = folder.assetcatalog; path = Assets.xcassets; sourceTree = "<group>"; };
		CBD800EE1E89ED6F00E30A5F /* Base */ = {isa = PBXFileReference; lastKnownFileType = file.storyboard; name = Base; path = Base.lproj/LaunchScreen.storyboard; sourceTree = "<group>"; };
		CBD800F01E89ED6F00E30A5F /* Info.plist */ = {isa = PBXFileReference; lastKnownFileType = text.plist.xml; path = Info.plist; sourceTree = "<group>"; };
		CBD800F81E89F1F700E30A5F /* DetailViewController.swift */ = {isa = PBXFileReference; fileEncoding = 4; lastKnownFileType = sourcecode.swift; path = DetailViewController.swift; sourceTree = "<group>"; };
		CBD800FA1E8A0B4A00E30A5F /* Common.swift */ = {isa = PBXFileReference; fileEncoding = 4; lastKnownFileType = sourcecode.swift; path = Common.swift; sourceTree = "<group>"; };
/* End PBXFileReference section */

/* Begin PBXFrameworksBuildPhase section */
		CBD800DE1E89ED6F00E30A5F /* Frameworks */ = {
			isa = PBXFrameworksBuildPhase;
			buildActionMask = 2147483647;
			files = (
			);
			runOnlyForDeploymentPostprocessing = 0;
		};
/* End PBXFrameworksBuildPhase section */

/* Begin PBXGroup section */
		CBD800D81E89ED6F00E30A5F = {
			isa = PBXGroup;
			children = (
				CBD800E31E89ED6F00E30A5F /* Animations */,
				CBD800E21E89ED6F00E30A5F /* Products */,
			);
			sourceTree = "<group>";
		};
		CBD800E21E89ED6F00E30A5F /* Products */ = {
			isa = PBXGroup;
			children = (
				CBD800E11E89ED6F00E30A5F /* Animations.app */,
			);
			name = Products;
			sourceTree = "<group>";
		};
		CBD800E31E89ED6F00E30A5F /* Animations */ = {
			isa = PBXGroup;
			children = (
				CBD800E41E89ED6F00E30A5F /* AppDelegate.swift */,
				CBD800E61E89ED6F00E30A5F /* ViewController.swift */,
				CBD800F81E89F1F700E30A5F /* DetailViewController.swift */,
				CBD800FA1E8A0B4A00E30A5F /* Common.swift */,
				CBD800E81E89ED6F00E30A5F /* Main.storyboard */,
				CBD800EB1E89ED6F00E30A5F /* Assets.xcassets */,
				CBD800ED1E89ED6F00E30A5F /* LaunchScreen.storyboard */,
				CBD800F01E89ED6F00E30A5F /* Info.plist */,
			);
			path = Animations;
			sourceTree = "<group>";
		};
/* End PBXGroup section */

/* Begin PBXNativeTarget section */
		CBD800E01E89ED6F00E30A5F /* Animations */ = {
			isa = PBXNativeTarget;
			buildConfigurationList = CBD800F31E89ED6F00E30A5F /* Build configuration list for PBXNativeTarget "Animations" */;
			buildPhases = (
				CBD800DD1E89ED6F00E30A5F /* Sources */,
				CBD800DE1E89ED6F00E30A5F /* Frameworks */,
				CBD800DF1E89ED6F00E30A5F /* Resources */,
			);
			buildRules = (
			);
			dependencies = (
			);
			name = Animations;
			productName = Animations;
			productReference = CBD800E11E89ED6F00E30A5F /* Animations.app */;
			productType = "com.apple.product-type.application";
		};
/* End PBXNativeTarget section */

/* Begin PBXProject section */
		CBD800D91E89ED6F00E30A5F /* Project object */ = {
			isa = PBXProject;
			attributes = {
				LastSwiftUpdateCheck = 0820;
				LastUpgradeCheck = 0820;
				ORGANIZATIONNAME = whisperkarl.com;
				TargetAttributes = {
					CBD800E01E89ED6F00E30A5F = {
						CreatedOnToolsVersion = 8.2.1;
						ProvisioningStyle = Automatic;
					};
				};
			};
			buildConfigurationList = CBD800DC1E89ED6F00E30A5F /* Build configuration list for PBXProject "Animations" */;
			compatibilityVersion = "Xcode 3.2";
			developmentRegion = English;
			hasScannedForEncodings = 0;
			knownRegions = (
				en,
				Base,
			);
			mainGroup = CBD800D81E89ED6F00E30A5F;
			productRefGroup = CBD800E21E89ED6F00E30A5F /* Products */;
			projectDirPath = "";
			projectRoot = "";
			targets = (
				CBD800E01E89ED6F00E30A5F /* Animations */,
			);
		};
/* End PBXProject section */

/* Begin PBXResourcesBuildPhase section */
		CBD800DF1E89ED6F00E30A5F /* Resources */ = {
			isa = PBXResourcesBuildPhase;
			buildActionMask = 2147483647;
			files = (
				CBD800EF1E89ED6F00E30A5F /* LaunchScreen.storyboard in Resources */,
				CBD800EC1E89ED6F00E30A5F /* Assets.xcassets in Resources */,
				CBD800EA1E89ED6F00E30A5F /* Main.storyboard in Resources */,
			);
			runOnlyForDeploymentPostprocessing = 0;
		};
/* End PBXResourcesBuildPhase section */

/* Begin PBXSourcesBuildPhase section */
		CBD800DD1E89ED6F00E30A5F /* Sources */ = {
			isa = PBXSourcesBuildPhase;
			buildActionMask = 2147483647;
			files = (
				CBD800FB1E8A0B4A00E30A5F /* Common.swift in Sources */,
				CBD800F91E89F1F700E30A5F /* DetailViewController.swift in Sources */,
				CBD800E71E89ED6F00E30A5F /* ViewController.swift in Sources */,
				CBD800E51E89ED6F00E30A5F /* AppDelegate.swift in Sources */,
			);
			runOnlyForDeploymentPostprocessing = 0;
		};
/* End PBXSourcesBuildPhase section */

/* Begin PBXVariantGroup section */
		CBD800E81E89ED6F00E30A5F /* Main.storyboard */ = {
			isa = PBXVariantGroup;
			children = (
				CBD800E91E89ED6F00E30A5F /* Base */,
			);
			name = Main.storyboard;
			sourceTree = "<group>";
		};
		CBD800ED1E89ED6F00E30A5F /* LaunchScreen.storyboard */ = {
			isa = PBXVariantGroup;
			children = (
				CBD800EE1E89ED6F00E30A5F /* Base */,
			);
			name = LaunchScreen.storyboard;
			sourceTree = "<group>";
		};
/* End PBXVariantGroup section */

/* Begin XCBuildConfiguration section */
		CBD800F11E89ED6F00E30A5F /* Debug */ = {
			isa = XCBuildConfiguration;
			buildSettings = {
				ALWAYS_SEARCH_USER_PATHS = NO;
				CLANG_ANALYZER_NONNULL = YES;
				CLANG_CXX_LANGUAGE_STANDARD = "gnu++0x";
				CLANG_CXX_LIBRARY = "libc++";
				CLANG_ENABLE_MODULES = YES;
				CLANG_ENABLE_OBJC_ARC = YES;
				CLANG_WARN_BOOL_CONVERSION = YES;
				CLANG_WARN_CONSTANT_CONVERSION = YES;
				CLANG_WARN_DIRECT_OBJC_ISA_USAGE = YES_ERROR;
				CLANG_WARN_DOCUMENTATION_COMMENTS = YES;
				CLANG_WARN_EMPTY_BODY = YES;
				CLANG_WARN_ENUM_CONVERSION = YES;
				CLANG_WARN_INFINITE_RECURSION = YES;
				CLANG_WARN_INT_CONVERSION = YES;
				CLANG_WARN_OBJC_ROOT_CLASS = YES_ERROR;
				CLANG_WARN_SUSPICIOUS_MOVE = YES;
				CLANG_WARN_UNREACHABLE_CODE = YES;
				CLANG_WARN__DUPLICATE_METHOD_MATCH = YES;
				"CODE_SIGN_IDENTITY[sdk=iphoneos*]" = "iPhone Developer";
				COPY_PHASE_STRIP = NO;
				DEBUG_INFORMATION_FORMAT = dwarf;
				ENABLE_STRICT_OBJC_MSGSEND = YES;
				ENABLE_TESTABILITY = YES;
				GCC_C_LANGUAGE_STANDARD = gnu99;
				GCC_DYNAMIC_NO_PIC = NO;
				GCC_NO_COMMON_BLOCKS = YES;
				GCC_OPTIMIZATION_LEVEL = 0;
				GCC_PREPROCESSOR_DEFINITIONS = (
					"DEBUG=1",
					"$(inherited)",
				);
				GCC_WARN_64_TO_32_BIT_CONVERSION = YES;
				GCC_WARN_ABOUT_RETURN_TYPE = YES_ERROR;
				GCC_WARN_UNDECLARED_SELECTOR = YES;
				GCC_WARN_UNINITIALIZED_AUTOS = YES_AGGRESSIVE;
				GCC_WARN_UNUSED_FUNCTION = YES;
				GCC_WARN_UNUSED_VARIABLE = YES;
				IPHONEOS_DEPLOYMENT_TARGET = 10.2;
				MTL_ENABLE_DEBUG_INFO = YES;
				ONLY_ACTIVE_ARCH = YES;
				SDKROOT = iphoneos;
				SWIFT_ACTIVE_COMPILATION_CONDITIONS = DEBUG;
				SWIFT_OPTIMIZATION_LEVEL = "-Onone";
				TARGETED_DEVICE_FAMILY = "1,2";
			};
			name = Debug;
		};
		CBD800F21E89ED6F00E30A5F /* Release */ = {
			isa = XCBuildConfiguration;
			buildSettings = {
				ALWAYS_SEARCH_USER_PATHS = NO;
				CLANG_ANALYZER_NONNULL = YES;
				CLANG_CXX_LANGUAGE_STANDARD = "gnu++0x";
				CLANG_CXX_LIBRARY = "libc++";
				CLANG_ENABLE_MODULES = YES;
				CLANG_ENABLE_OBJC_ARC = YES;
				CLANG_WARN_BOOL_CONVERSION = YES;
				CLANG_WARN_CONSTANT_CONVERSION = YES;
				CLANG_WARN_DIRECT_OBJC_ISA_USAGE = YES_ERROR;
				CLANG_WARN_DOCUMENTATION_COMMENTS = YES;
				CLANG_WARN_EMPTY_BODY = YES;
				CLANG_WARN_ENUM_CONVERSION = YES;
				CLANG_WARN_INFINITE_RECURSION = YES;
				CLANG_WARN_INT_CONVERSION = YES;
				CLANG_WARN_OBJC_ROOT_CLASS = YES_ERROR;
				CLANG_WARN_SUSPICIOUS_MOVE = YES;
				CLANG_WARN_UNREACHABLE_CODE = YES;
				CLANG_WARN__DUPLICATE_METHOD_MATCH = YES;
				"CODE_SIGN_IDENTITY[sdk=iphoneos*]" = "iPhone Developer";
				COPY_PHASE_STRIP = NO;
				DEBUG_INFORMATION_FORMAT = "dwarf-with-dsym";
				ENABLE_NS_ASSERTIONS = NO;
				ENABLE_STRICT_OBJC_MSGSEND = YES;
				GCC_C_LANGUAGE_STANDARD = gnu99;
				GCC_NO_COMMON_BLOCKS = YES;
				GCC_WARN_64_TO_32_BIT_CONVERSION = YES;
				GCC_WARN_ABOUT_RETURN_TYPE = YES_ERROR;
				GCC_WARN_UNDECLARED_SELECTOR = YES;
				GCC_WARN_UNINITIALIZED_AUTOS = YES_AGGRESSIVE;
				GCC_WARN_UNUSED_FUNCTION = YES;
				GCC_WARN_UNUSED_VARIABLE = YES;
				IPHONEOS_DEPLOYMENT_TARGET = 10.2;
				MTL_ENABLE_DEBUG_INFO = NO;
				SDKROOT = iphoneos;
				SWIFT_OPTIMIZATION_LEVEL = "-Owholemodule";
				TARGETED_DEVICE_FAMILY = "1,2";
				VALIDATE_PRODUCT = YES;
			};
			name = Release;
		};
		CBD800F41E89ED6F00E30A5F /* Debug */ = {
			isa = XCBuildConfiguration;
			buildSettings = {
				ASSETCATALOG_COMPILER_APPICON_NAME = AppIcon;
				INFOPLIST_FILE = Animations/Info.plist;
				LD_RUNPATH_SEARCH_PATHS = "$(inherited) @executable_path/Frameworks";
				PRODUCT_BUNDLE_IDENTIFIER = whisperkarl.Animations;
				PRODUCT_NAME = "$(TARGET_NAME)";
				SWIFT_VERSION = 3.0;
			};
			name = Debug;
		};
		CBD800F51E89ED6F00E30A5F /* Release */ = {
			isa = XCBuildConfiguration;
			buildSettings = {
				ASSETCATALOG_COMPILER_APPICON_NAME = AppIcon;
				INFOPLIST_FILE = Animations/Info.plist;
				LD_RUNPATH_SEARCH_PATHS = "$(inherited) @executable_path/Frameworks";
				PRODUCT_BUNDLE_IDENTIFIER = whisperkarl.Animations;
				PRODUCT_NAME = "$(TARGET_NAME)";
				SWIFT_VERSION = 3.0;
			};
			name = Release;
		};
/* End XCBuildConfiguration section */

/* Begin XCConfigurationList section */
		CBD800DC1E89ED6F00E30A5F /* Build configuration list for PBXProject "Animations" */ = {
			isa = XCConfigurationList;
			buildConfigurations = (
				CBD800F11E89ED6F00E30A5F /* Debug */,
				CBD800F21E89ED6F00E30A5F /* Release */,
			);
			defaultConfigurationIsVisible = 0;
			defaultConfigurationName = Release;
		};
		CBD800F31E89ED6F00E30A5F /* Build configuration list for PBXNativeTarget "Animations" */ = {
			isa = XCConfigurationList;
			buildConfigurations = (
				CBD800F41E89ED6F00E30A5F /* Debug */,
				CBD800F51E89ED6F00E30A5F /* Release */,
			);
			defaultConfigurationIsVisible = 0;
		};
/* End XCConfigurationList section */
	};
	rootObject = CBD800D91E89ED6F00E30A5F /* Project object */;
}
