// !$*UTF8*$!
{
	archiveVersion = 1;
	classes = {
	};
	objectVersion = 50;
	objects = {

/* Begin PBXBuildFile section */
		CB0E09C82115E44C00A5F043 /* AppDelegate.swift in Sources */ = {isa = PBXBuildFile; fileRef = CB0E09C72115E44C00A5F043 /* AppDelegate.swift */; };
		CB0E09CA2115E44D00A5F043 /* ViewController.swift in Sources */ = {isa = PBXBuildFile; fileRef = CB0E09C92115E44D00A5F043 /* ViewController.swift */; };
		CB0E09CD2115E44D00A5F043 /* Main.storyboard in Resources */ = {isa = PBXBuildFile; fileRef = CB0E09CB2115E44D00A5F043 /* Main.storyboard */; };
		CB0E09CF2115E44E00A5F043 /* Assets.xcassets in Resources */ = {isa = PBXBuildFile; fileRef = CB0E09CE2115E44E00A5F043 /* Assets.xcassets */; };
		CB0E09D22115E44E00A5F043 /* LaunchScreen.storyboard in Resources */ = {isa = PBXBuildFile; fileRef = CB0E09D02115E44E00A5F043 /* LaunchScreen.storyboard */; };
		CB0E09E02115E55200A5F043 /* Constants.swift in Sources */ = {isa = PBXBuildFile; fileRef = CB0E09DF2115E55200A5F043 /* Constants.swift */; };
		CB0E09E22115E55A00A5F043 /* albums.json in Resources */ = {isa = PBXBuildFile; fileRef = CB0E09E12115E55900A5F043 /* albums.json */; };
		CB0E09E42115E56F00A5F043 /* Album.swift in Sources */ = {isa = PBXBuildFile; fileRef = CB0E09E32115E56F00A5F043 /* Album.swift */; };
		CB0E09E62116871200A5F043 /* LibraryAPI.swift in Sources */ = {isa = PBXBuildFile; fileRef = CB0E09E52116871200A5F043 /* LibraryAPI.swift */; };
		CB0E09E82116871D00A5F043 /* HTTPClient.swift in Sources */ = {isa = PBXBuildFile; fileRef = CB0E09E72116871D00A5F043 /* HTTPClient.swift */; };
		CB0E09EA2116872D00A5F043 /* PersisencyManager.swift in Sources */ = {isa = PBXBuildFile; fileRef = CB0E09E92116872D00A5F043 /* PersisencyManager.swift */; };
		CB0E09EC2116895F00A5F043 /* HorizentalScroller.swift in Sources */ = {isa = PBXBuildFile; fileRef = CB0E09EB2116895F00A5F043 /* HorizentalScroller.swift */; };
		CBE527A12116A7BA00461600 /* AlbumView.swift in Sources */ = {isa = PBXBuildFile; fileRef = CBE527A02116A7BA00461600 /* AlbumView.swift */; };
/* End PBXBuildFile section */

/* Begin PBXFileReference section */
		CB0E09C42115E44C00A5F043 /* Project18-BlueLibrarySwift.app */ = {isa = PBXFileReference; explicitFileType = wrapper.application; includeInIndex = 0; path = "Project18-BlueLibrarySwift.app"; sourceTree = BUILT_PRODUCTS_DIR; };
		CB0E09C72115E44C00A5F043 /* AppDelegate.swift */ = {isa = PBXFileReference; lastKnownFileType = sourcecode.swift; path = AppDelegate.swift; sourceTree = "<group>"; };
		CB0E09C92115E44D00A5F043 /* ViewController.swift */ = {isa = PBXFileReference; lastKnownFileType = sourcecode.swift; path = ViewController.swift; sourceTree = "<group>"; };
		CB0E09CC2115E44D00A5F043 /* Base */ = {isa = PBXFileReference; lastKnownFileType = file.storyboard; name = Base; path = Base.lproj/Main.storyboard; sourceTree = "<group>"; };
		CB0E09CE2115E44E00A5F043 /* Assets.xcassets */ = {isa = PBXFileReference; lastKnownFileType = folder.assetcatalog; path = Assets.xcassets; sourceTree = "<group>"; };
		CB0E09D12115E44E00A5F043 /* Base */ = {isa = PBXFileReference; lastKnownFileType = file.storyboard; name = Base; path = Base.lproj/LaunchScreen.storyboard; sourceTree = "<group>"; };
		CB0E09D32115E44E00A5F043 /* Info.plist */ = {isa = PBXFileReference; lastKnownFileType = text.plist.xml; path = Info.plist; sourceTree = "<group>"; };
		CB0E09DF2115E55200A5F043 /* Constants.swift */ = {isa = PBXFileReference; lastKnownFileType = sourcecode.swift; path = Constants.swift; sourceTree = "<group>"; };
		CB0E09E12115E55900A5F043 /* albums.json */ = {isa = PBXFileReference; fileEncoding = 4; lastKnownFileType = text.json; path = albums.json; sourceTree = "<group>"; };
		CB0E09E32115E56F00A5F043 /* Album.swift */ = {isa = PBXFileReference; lastKnownFileType = sourcecode.swift; path = Album.swift; sourceTree = "<group>"; };
		CB0E09E52116871200A5F043 /* LibraryAPI.swift */ = {isa = PBXFileReference; lastKnownFileType = sourcecode.swift; path = LibraryAPI.swift; sourceTree = "<group>"; };
		CB0E09E72116871D00A5F043 /* HTTPClient.swift */ = {isa = PBXFileReference; lastKnownFileType = sourcecode.swift; path = HTTPClient.swift; sourceTree = "<group>"; };
		CB0E09E92116872D00A5F043 /* PersisencyManager.swift */ = {isa = PBXFileReference; lastKnownFileType = sourcecode.swift; path = PersisencyManager.swift; sourceTree = "<group>"; };
		CB0E09EB2116895F00A5F043 /* HorizentalScroller.swift */ = {isa = PBXFileReference; lastKnownFileType = sourcecode.swift; path = HorizentalScroller.swift; sourceTree = "<group>"; };
		CBE527A02116A7BA00461600 /* AlbumView.swift */ = {isa = PBXFileReference; lastKnownFileType = sourcecode.swift; path = AlbumView.swift; sourceTree = "<group>"; };
/* End PBXFileReference section */

/* Begin PBXFrameworksBuildPhase section */
		CB0E09C12115E44C00A5F043 /* Frameworks */ = {
			isa = PBXFrameworksBuildPhase;
			buildActionMask = 2147483647;
			files = (
			);
			runOnlyForDeploymentPostprocessing = 0;
		};
/* End PBXFrameworksBuildPhase section */

/* Begin PBXGroup section */
		CB0E09BB2115E44C00A5F043 = {
			isa = PBXGroup;
			children = (
				CB0E09C62115E44C00A5F043 /* Project18-BlueLibrarySwift */,
				CB0E09C52115E44C00A5F043 /* Products */,
			);
			sourceTree = "<group>";
		};
		CB0E09C52115E44C00A5F043 /* Products */ = {
			isa = PBXGroup;
			children = (
				CB0E09C42115E44C00A5F043 /* Project18-BlueLibrarySwift.app */,
			);
			name = Products;
			sourceTree = "<group>";
		};
		CB0E09C62115E44C00A5F043 /* Project18-BlueLibrarySwift */ = {
			isa = PBXGroup;
			children = (
				CB0E09C72115E44C00A5F043 /* AppDelegate.swift */,
				CB0E09DE2115E4F900A5F043 /* Helper */,
				CB0E09DD2115E4F300A5F043 /* Models */,
				CB0E09DC2115E4EB00A5F043 /* Controllers */,
				CB0E09DA2115E4CA00A5F043 /* Views */,
				CB0E09D92115E4C500A5F043 /* API */,
				CB0E09CE2115E44E00A5F043 /* Assets.xcassets */,
				CB0E09D02115E44E00A5F043 /* LaunchScreen.storyboard */,
				CB0E09D32115E44E00A5F043 /* Info.plist */,
			);
			path = "Project18-BlueLibrarySwift";
			sourceTree = "<group>";
		};
		CB0E09D92115E4C500A5F043 /* API */ = {
			isa = PBXGroup;
			children = (
				CB0E09E12115E55900A5F043 /* albums.json */,
				CB0E09DF2115E55200A5F043 /* Constants.swift */,
			);
			path = API;
			sourceTree = "<group>";
		};
		CB0E09DA2115E4CA00A5F043 /* Views */ = {
			isa = PBXGroup;
			children = (
				CB0E09CB2115E44D00A5F043 /* Main.storyboard */,
				CB0E09EB2116895F00A5F043 /* HorizentalScroller.swift */,
				CBE527A02116A7BA00461600 /* AlbumView.swift */,
			);
			path = Views;
			sourceTree = "<group>";
		};
		CB0E09DC2115E4EB00A5F043 /* Controllers */ = {
			isa = PBXGroup;
			children = (
				CB0E09C92115E44D00A5F043 /* ViewController.swift */,
			);
			path = Controllers;
			sourceTree = "<group>";
		};
		CB0E09DD2115E4F300A5F043 /* Models */ = {
			isa = PBXGroup;
			children = (
				CB0E09E32115E56F00A5F043 /* Album.swift */,
			);
			path = Models;
			sourceTree = "<group>";
		};
		CB0E09DE2115E4F900A5F043 /* Helper */ = {
			isa = PBXGroup;
			children = (
				CB0E09E52116871200A5F043 /* LibraryAPI.swift */,
				CB0E09E72116871D00A5F043 /* HTTPClient.swift */,
				CB0E09E92116872D00A5F043 /* PersisencyManager.swift */,
			);
			path = Helper;
			sourceTree = "<group>";
		};
/* End PBXGroup section */

/* Begin PBXNativeTarget section */
		CB0E09C32115E44C00A5F043 /* Project18-BlueLibrarySwift */ = {
			isa = PBXNativeTarget;
			buildConfigurationList = CB0E09D62115E44E00A5F043 /* Build configuration list for PBXNativeTarget "Project18-BlueLibrarySwift" */;
			buildPhases = (
				CB0E09C02115E44C00A5F043 /* Sources */,
				CB0E09C12115E44C00A5F043 /* Frameworks */,
				CB0E09C22115E44C00A5F043 /* Resources */,
			);
			buildRules = (
			);
			dependencies = (
			);
			name = "Project18-BlueLibrarySwift";
			productName = "Project18-BlueLibrarySwift";
			productReference = CB0E09C42115E44C00A5F043 /* Project18-BlueLibrarySwift.app */;
			productType = "com.apple.product-type.application";
		};
/* End PBXNativeTarget section */

/* Begin PBXProject section */
		CB0E09BC2115E44C00A5F043 /* Project object */ = {
			isa = PBXProject;
			attributes = {
				LastSwiftUpdateCheck = 0940;
				LastUpgradeCheck = 0940;
				ORGANIZATIONNAME = Karl;
				TargetAttributes = {
					CB0E09C32115E44C00A5F043 = {
						CreatedOnToolsVersion = 9.4.1;
					};
				};
			};
			buildConfigurationList = CB0E09BF2115E44C00A5F043 /* Build configuration list for PBXProject "Project18-BlueLibrarySwift" */;
			compatibilityVersion = "Xcode 9.3";
			developmentRegion = en;
			hasScannedForEncodings = 0;
			knownRegions = (
				en,
				Base,
			);
			mainGroup = CB0E09BB2115E44C00A5F043;
			productRefGroup = CB0E09C52115E44C00A5F043 /* Products */;
			projectDirPath = "";
			projectRoot = "";
			targets = (
				CB0E09C32115E44C00A5F043 /* Project18-BlueLibrarySwift */,
			);
		};
/* End PBXProject section */

/* Begin PBXResourcesBuildPhase section */
		CB0E09C22115E44C00A5F043 /* Resources */ = {
			isa = PBXResourcesBuildPhase;
			buildActionMask = 2147483647;
			files = (
				CB0E09D22115E44E00A5F043 /* LaunchScreen.storyboard in Resources */,
				CB0E09CF2115E44E00A5F043 /* Assets.xcassets in Resources */,
				CB0E09CD2115E44D00A5F043 /* Main.storyboard in Resources */,
				CB0E09E22115E55A00A5F043 /* albums.json in Resources */,
			);
			runOnlyForDeploymentPostprocessing = 0;
		};
/* End PBXResourcesBuildPhase section */

/* Begin PBXSourcesBuildPhase section */
		CB0E09C02115E44C00A5F043 /* Sources */ = {
			isa = PBXSourcesBuildPhase;
			buildActionMask = 2147483647;
			files = (
				CB0E09CA2115E44D00A5F043 /* ViewController.swift in Sources */,
				CB0E09EC2116895F00A5F043 /* HorizentalScroller.swift in Sources */,
				CB0E09E62116871200A5F043 /* LibraryAPI.swift in Sources */,
				CBE527A12116A7BA00461600 /* AlbumView.swift in Sources */,
				CB0E09E82116871D00A5F043 /* HTTPClient.swift in Sources */,
				CB0E09EA2116872D00A5F043 /* PersisencyManager.swift in Sources */,
				CB0E09C82115E44C00A5F043 /* AppDelegate.swift in Sources */,
				CB0E09E02115E55200A5F043 /* Constants.swift in Sources */,
				CB0E09E42115E56F00A5F043 /* Album.swift in Sources */,
			);
			runOnlyForDeploymentPostprocessing = 0;
		};
/* End PBXSourcesBuildPhase section */

/* Begin PBXVariantGroup section */
		CB0E09CB2115E44D00A5F043 /* Main.storyboard */ = {
			isa = PBXVariantGroup;
			children = (
				CB0E09CC2115E44D00A5F043 /* Base */,
			);
			name = Main.storyboard;
			sourceTree = "<group>";
		};
		CB0E09D02115E44E00A5F043 /* LaunchScreen.storyboard */ = {
			isa = PBXVariantGroup;
			children = (
				CB0E09D12115E44E00A5F043 /* Base */,
			);
			name = LaunchScreen.storyboard;
			sourceTree = "<group>";
		};
/* End PBXVariantGroup section */

/* Begin XCBuildConfiguration section */
		CB0E09D42115E44E00A5F043 /* Debug */ = {
			isa = XCBuildConfiguration;
			buildSettings = {
				ALWAYS_SEARCH_USER_PATHS = NO;
				CLANG_ANALYZER_NONNULL = YES;
				CLANG_ANALYZER_NUMBER_OBJECT_CONVERSION = YES_AGGRESSIVE;
				CLANG_CXX_LANGUAGE_STANDARD = "gnu++14";
				CLANG_CXX_LIBRARY = "libc++";
				CLANG_ENABLE_MODULES = YES;
				CLANG_ENABLE_OBJC_ARC = YES;
				CLANG_ENABLE_OBJC_WEAK = YES;
				CLANG_WARN_BLOCK_CAPTURE_AUTORELEASING = YES;
				CLANG_WARN_BOOL_CONVERSION = YES;
				CLANG_WARN_COMMA = YES;
				CLANG_WARN_CONSTANT_CONVERSION = YES;
				CLANG_WARN_DEPRECATED_OBJC_IMPLEMENTATIONS = YES;
				CLANG_WARN_DIRECT_OBJC_ISA_USAGE = YES_ERROR;
				CLANG_WARN_DOCUMENTATION_COMMENTS = YES;
				CLANG_WARN_EMPTY_BODY = YES;
				CLANG_WARN_ENUM_CONVERSION = YES;
				CLANG_WARN_INFINITE_RECURSION = YES;
				CLANG_WARN_INT_CONVERSION = YES;
				CLANG_WARN_NON_LITERAL_NULL_CONVERSION = YES;
				CLANG_WARN_OBJC_IMPLICIT_RETAIN_SELF = YES;
				CLANG_WARN_OBJC_LITERAL_CONVERSION = YES;
				CLANG_WARN_OBJC_ROOT_CLASS = YES_ERROR;
				CLANG_WARN_RANGE_LOOP_ANALYSIS = YES;
				CLANG_WARN_STRICT_PROTOTYPES = YES;
				CLANG_WARN_SUSPICIOUS_MOVE = YES;
				CLANG_WARN_UNGUARDED_AVAILABILITY = YES_AGGRESSIVE;
				CLANG_WARN_UNREACHABLE_CODE = YES;
				CLANG_WARN__DUPLICATE_METHOD_MATCH = YES;
				CODE_SIGN_IDENTITY = "iPhone Developer";
				COPY_PHASE_STRIP = NO;
				DEBUG_INFORMATION_FORMAT = dwarf;
				ENABLE_STRICT_OBJC_MSGSEND = YES;
				ENABLE_TESTABILITY = YES;
				GCC_C_LANGUAGE_STANDARD = gnu11;
				GCC_DYNAMIC_NO_PIC = NO;
				GCC_NO_COMMON_BLOCKS = YES;
				GCC_OPTIMIZATION_LEVEL = 0;
				GCC_PREPROCESSOR_DEFINITIONS = (
					"DEBUG=1",
					"$(inherited)",
				);
				GCC_WARN_64_TO_32_BIT_CONVERSION = YES;
				GCC_WARN_ABOUT_RETURN_TYPE = YES_ERROR;
				GCC_WARN_UNDECLARED_SELECTOR = YES;
				GCC_WARN_UNINITIALIZED_AUTOS = YES_AGGRESSIVE;
				GCC_WARN_UNUSED_FUNCTION = YES;
				GCC_WARN_UNUSED_VARIABLE = YES;
				IPHONEOS_DEPLOYMENT_TARGET = 11.4;
				MTL_ENABLE_DEBUG_INFO = YES;
				ONLY_ACTIVE_ARCH = YES;
				SDKROOT = iphoneos;
				SWIFT_ACTIVE_COMPILATION_CONDITIONS = DEBUG;
				SWIFT_OPTIMIZATION_LEVEL = "-Onone";
			};
			name = Debug;
		};
		CB0E09D52115E44E00A5F043 /* Release */ = {
			isa = XCBuildConfiguration;
			buildSettings = {
				ALWAYS_SEARCH_USER_PATHS = NO;
				CLANG_ANALYZER_NONNULL = YES;
				CLANG_ANALYZER_NUMBER_OBJECT_CONVERSION = YES_AGGRESSIVE;
				CLANG_CXX_LANGUAGE_STANDARD = "gnu++14";
				CLANG_CXX_LIBRARY = "libc++";
				CLANG_ENABLE_MODULES = YES;
				CLANG_ENABLE_OBJC_ARC = YES;
				CLANG_ENABLE_OBJC_WEAK = YES;
				CLANG_WARN_BLOCK_CAPTURE_AUTORELEASING = YES;
				CLANG_WARN_BOOL_CONVERSION = YES;
				CLANG_WARN_COMMA = YES;
				CLANG_WARN_CONSTANT_CONVERSION = YES;
				CLANG_WARN_DEPRECATED_OBJC_IMPLEMENTATIONS = YES;
				CLANG_WARN_DIRECT_OBJC_ISA_USAGE = YES_ERROR;
				CLANG_WARN_DOCUMENTATION_COMMENTS = YES;
				CLANG_WARN_EMPTY_BODY = YES;
				CLANG_WARN_ENUM_CONVERSION = YES;
				CLANG_WARN_INFINITE_RECURSION = YES;
				CLANG_WARN_INT_CONVERSION = YES;
				CLANG_WARN_NON_LITERAL_NULL_CONVERSION = YES;
				CLANG_WARN_OBJC_IMPLICIT_RETAIN_SELF = YES;
				CLANG_WARN_OBJC_LITERAL_CONVERSION = YES;
				CLANG_WARN_OBJC_ROOT_CLASS = YES_ERROR;
				CLANG_WARN_RANGE_LOOP_ANALYSIS = YES;
				CLANG_WARN_STRICT_PROTOTYPES = YES;
				CLANG_WARN_SUSPICIOUS_MOVE = YES;
				CLANG_WARN_UNGUARDED_AVAILABILITY = YES_AGGRESSIVE;
				CLANG_WARN_UNREACHABLE_CODE = YES;
				CLANG_WARN__DUPLICATE_METHOD_MATCH = YES;
				CODE_SIGN_IDENTITY = "iPhone Developer";
				COPY_PHASE_STRIP = NO;
				DEBUG_INFORMATION_FORMAT = "dwarf-with-dsym";
				ENABLE_NS_ASSERTIONS = NO;
				ENABLE_STRICT_OBJC_MSGSEND = YES;
				GCC_C_LANGUAGE_STANDARD = gnu11;
				GCC_NO_COMMON_BLOCKS = YES;
				GCC_WARN_64_TO_32_BIT_CONVERSION = YES;
				GCC_WARN_ABOUT_RETURN_TYPE = YES_ERROR;
				GCC_WARN_UNDECLARED_SELECTOR = YES;
				GCC_WARN_UNINITIALIZED_AUTOS = YES_AGGRESSIVE;
				GCC_WARN_UNUSED_FUNCTION = YES;
				GCC_WARN_UNUSED_VARIABLE = YES;
				IPHONEOS_DEPLOYMENT_TARGET = 11.4;
				MTL_ENABLE_DEBUG_INFO = NO;
				SDKROOT = iphoneos;
				SWIFT_COMPILATION_MODE = wholemodule;
				SWIFT_OPTIMIZATION_LEVEL = "-O";
				VALIDATE_PRODUCT = YES;
			};
			name = Release;
		};
		CB0E09D72115E44E00A5F043 /* Debug */ = {
			isa = XCBuildConfiguration;
			buildSettings = {
				ASSETCATALOG_COMPILER_APPICON_NAME = AppIcon;
				CODE_SIGN_STYLE = Automatic;
				INFOPLIST_FILE = "Project18-BlueLibrarySwift/Info.plist";
				LD_RUNPATH_SEARCH_PATHS = (
					"$(inherited)",
					"@executable_path/Frameworks",
				);
				PRODUCT_BUNDLE_IDENTIFIER = "Karl.Project18-BlueLibrarySwift";
				PRODUCT_NAME = "$(TARGET_NAME)";
				SWIFT_VERSION = 4.0;
				TARGETED_DEVICE_FAMILY = "1,2";
			};
			name = Debug;
		};
		CB0E09D82115E44E00A5F043 /* Release */ = {
			isa = XCBuildConfiguration;
			buildSettings = {
				ASSETCATALOG_COMPILER_APPICON_NAME = AppIcon;
				CODE_SIGN_STYLE = Automatic;
				INFOPLIST_FILE = "Project18-BlueLibrarySwift/Info.plist";
				LD_RUNPATH_SEARCH_PATHS = (
					"$(inherited)",
					"@executable_path/Frameworks",
				);
				PRODUCT_BUNDLE_IDENTIFIER = "Karl.Project18-BlueLibrarySwift";
				PRODUCT_NAME = "$(TARGET_NAME)";
				SWIFT_VERSION = 4.0;
				TARGETED_DEVICE_FAMILY = "1,2";
			};
			name = Release;
		};
/* End XCBuildConfiguration section */

/* Begin XCConfigurationList section */
		CB0E09BF2115E44C00A5F043 /* Build configuration list for PBXProject "Project18-BlueLibrarySwift" */ = {
			isa = XCConfigurationList;
			buildConfigurations = (
				CB0E09D42115E44E00A5F043 /* Debug */,
				CB0E09D52115E44E00A5F043 /* Release */,
			);
			defaultConfigurationIsVisible = 0;
			defaultConfigurationName = Release;
		};
		CB0E09D62115E44E00A5F043 /* Build configuration list for PBXNativeTarget "Project18-BlueLibrarySwift" */ = {
			isa = XCConfigurationList;
			buildConfigurations = (
				CB0E09D72115E44E00A5F043 /* Debug */,
				CB0E09D82115E44E00A5F043 /* Release */,
			);
			defaultConfigurationIsVisible = 0;
			defaultConfigurationName = Release;
		};
/* End XCConfigurationList section */
	};
	rootObject = CB0E09BC2115E44C00A5F043 /* Project object */;
}
