// !$*UTF8*$!
{
	archiveVersion = 1;
	classes = {
	};
	objectVersion = 46;
	objects = {

/* Begin PBXBuildFile section */
		CB4378471E88EB6600176B1D /* AppDelegate.swift in Sources */ = {isa = PBXBuildFile; fileRef = CB4378461E88EB6600176B1D /* AppDelegate.swift */; };
		CB4378491E88EB6600176B1D /* ViewController.swift in Sources */ = {isa = PBXBuildFile; fileRef = CB4378481E88EB6600176B1D /* ViewController.swift */; };
		CB43784C1E88EB6600176B1D /* Main.storyboard in Resources */ = {isa = PBXBuildFile; fileRef = CB43784A1E88EB6600176B1D /* Main.storyboard */; };
		CB43784E1E88EB6600176B1D /* Assets.xcassets in Resources */ = {isa = PBXBuildFile; fileRef = CB43784D1E88EB6600176B1D /* Assets.xcassets */; };
		CB4378511E88EB6600176B1D /* LaunchScreen.storyboard in Resources */ = {isa = PBXBuildFile; fileRef = CB43784F1E88EB6600176B1D /* LaunchScreen.storyboard */; };
/* End PBXBuildFile section */

/* Begin PBXFileReference section */
		CB4378431E88EB6600176B1D /* Interests.app */ = {isa = PBXFileReference; explicitFileType = wrapper.application; includeInIndex = 0; path = Interests.app; sourceTree = BUILT_PRODUCTS_DIR; };
		CB4378461E88EB6600176B1D /* AppDelegate.swift */ = {isa = PBXFileReference; lastKnownFileType = sourcecode.swift; path = AppDelegate.swift; sourceTree = "<group>"; };
		CB4378481E88EB6600176B1D /* ViewController.swift */ = {isa = PBXFileReference; lastKnownFileType = sourcecode.swift; path = ViewController.swift; sourceTree = "<group>"; };
		CB43784B1E88EB6600176B1D /* Base */ = {isa = PBXFileReference; lastKnownFileType = file.storyboard; name = Base; path = Base.lproj/Main.storyboard; sourceTree = "<group>"; };
		CB43784D1E88EB6600176B1D /* Assets.xcassets */ = {isa = PBXFileReference; lastKnownFileType = folder.assetcatalog; path = Assets.xcassets; sourceTree = "<group>"; };
		CB4378501E88EB6600176B1D /* Base */ = {isa = PBXFileReference; lastKnownFileType = file.storyboard; name = Base; path = Base.lproj/LaunchScreen.storyboard; sourceTree = "<group>"; };
		CB4378521E88EB6600176B1D /* Info.plist */ = {isa = PBXFileReference; lastKnownFileType = text.plist.xml; path = Info.plist; sourceTree = "<group>"; };
/* End PBXFileReference section */

/* Begin PBXFrameworksBuildPhase section */
		CB4378401E88EB6600176B1D /* Frameworks */ = {
			isa = PBXFrameworksBuildPhase;
			buildActionMask = 2147483647;
			files = (
			);
			runOnlyForDeploymentPostprocessing = 0;
		};
/* End PBXFrameworksBuildPhase section */

/* Begin PBXGroup section */
		CB43783A1E88EB6600176B1D = {
			isa = PBXGroup;
			children = (
				CB4378451E88EB6600176B1D /* Interests */,
				CB4378441E88EB6600176B1D /* Products */,
			);
			sourceTree = "<group>";
		};
		CB4378441E88EB6600176B1D /* Products */ = {
			isa = PBXGroup;
			children = (
				CB4378431E88EB6600176B1D /* Interests.app */,
			);
			name = Products;
			sourceTree = "<group>";
		};
		CB4378451E88EB6600176B1D /* Interests */ = {
			isa = PBXGroup;
			children = (
				CB4378461E88EB6600176B1D /* AppDelegate.swift */,
				CB4378481E88EB6600176B1D /* ViewController.swift */,
				CB43784A1E88EB6600176B1D /* Main.storyboard */,
				CB43784D1E88EB6600176B1D /* Assets.xcassets */,
				CB43784F1E88EB6600176B1D /* LaunchScreen.storyboard */,
				CB4378521E88EB6600176B1D /* Info.plist */,
			);
			path = Interests;
			sourceTree = "<group>";
		};
/* End PBXGroup section */

/* Begin PBXNativeTarget section */
		CB4378421E88EB6600176B1D /* Interests */ = {
			isa = PBXNativeTarget;
			buildConfigurationList = CB4378551E88EB6600176B1D /* Build configuration list for PBXNativeTarget "Interests" */;
			buildPhases = (
				CB43783F1E88EB6600176B1D /* Sources */,
				CB4378401E88EB6600176B1D /* Frameworks */,
				CB4378411E88EB6600176B1D /* Resources */,
			);
			buildRules = (
			);
			dependencies = (
			);
			name = Interests;
			productName = Interests;
			productReference = CB4378431E88EB6600176B1D /* Interests.app */;
			productType = "com.apple.product-type.application";
		};
/* End PBXNativeTarget section */

/* Begin PBXProject section */
		CB43783B1E88EB6600176B1D /* Project object */ = {
			isa = PBXProject;
			attributes = {
				LastSwiftUpdateCheck = 0820;
				LastUpgradeCheck = 0820;
				ORGANIZATIONNAME = whisperkarl.com;
				TargetAttributes = {
					CB4378421E88EB6600176B1D = {
						CreatedOnToolsVersion = 8.2.1;
						ProvisioningStyle = Automatic;
					};
				};
			};
			buildConfigurationList = CB43783E1E88EB6600176B1D /* Build configuration list for PBXProject "Interests" */;
			compatibilityVersion = "Xcode 3.2";
			developmentRegion = English;
			hasScannedForEncodings = 0;
			knownRegions = (
				en,
				Base,
			);
			mainGroup = CB43783A1E88EB6600176B1D;
			productRefGroup = CB4378441E88EB6600176B1D /* Products */;
			projectDirPath = "";
			projectRoot = "";
			targets = (
				CB4378421E88EB6600176B1D /* Interests */,
			);
		};
/* End PBXProject section */

/* Begin PBXResourcesBuildPhase section */
		CB4378411E88EB6600176B1D /* Resources */ = {
			isa = PBXResourcesBuildPhase;
			buildActionMask = 2147483647;
			files = (
				CB4378511E88EB6600176B1D /* LaunchScreen.storyboard in Resources */,
				CB43784E1E88EB6600176B1D /* Assets.xcassets in Resources */,
				CB43784C1E88EB6600176B1D /* Main.storyboard in Resources */,
			);
			runOnlyForDeploymentPostprocessing = 0;
		};
/* End PBXResourcesBuildPhase section */

/* Begin PBXSourcesBuildPhase section */
		CB43783F1E88EB6600176B1D /* Sources */ = {
			isa = PBXSourcesBuildPhase;
			buildActionMask = 2147483647;
			files = (
				CB4378491E88EB6600176B1D /* ViewController.swift in Sources */,
				CB4378471E88EB6600176B1D /* AppDelegate.swift in Sources */,
			);
			runOnlyForDeploymentPostprocessing = 0;
		};
/* End PBXSourcesBuildPhase section */

/* Begin PBXVariantGroup section */
		CB43784A1E88EB6600176B1D /* Main.storyboard */ = {
			isa = PBXVariantGroup;
			children = (
				CB43784B1E88EB6600176B1D /* Base */,
			);
			name = Main.storyboard;
			sourceTree = "<group>";
		};
		CB43784F1E88EB6600176B1D /* LaunchScreen.storyboard */ = {
			isa = PBXVariantGroup;
			children = (
				CB4378501E88EB6600176B1D /* Base */,
			);
			name = LaunchScreen.storyboard;
			sourceTree = "<group>";
		};
/* End PBXVariantGroup section */

/* Begin XCBuildConfiguration section */
		CB4378531E88EB6600176B1D /* Debug */ = {
			isa = XCBuildConfiguration;
			buildSettings = {
				ALWAYS_SEARCH_USER_PATHS = NO;
				CLANG_ANALYZER_NONNULL = YES;
				CLANG_CXX_LANGUAGE_STANDARD = "gnu++0x";
				CLANG_CXX_LIBRARY = "libc++";
				CLANG_ENABLE_MODULES = YES;
				CLANG_ENABLE_OBJC_ARC = YES;
				CLANG_WARN_BOOL_CONVERSION = YES;
				CLANG_WARN_CONSTANT_CONVERSION = YES;
				CLANG_WARN_DIRECT_OBJC_ISA_USAGE = YES_ERROR;
				CLANG_WARN_DOCUMENTATION_COMMENTS = YES;
				CLANG_WARN_EMPTY_BODY = YES;
				CLANG_WARN_ENUM_CONVERSION = YES;
				CLANG_WARN_INFINITE_RECURSION = YES;
				CLANG_WARN_INT_CONVERSION = YES;
				CLANG_WARN_OBJC_ROOT_CLASS = YES_ERROR;
				CLANG_WARN_SUSPICIOUS_MOVE = YES;
				CLANG_WARN_UNREACHABLE_CODE = YES;
				CLANG_WARN__DUPLICATE_METHOD_MATCH = YES;
				"CODE_SIGN_IDENTITY[sdk=iphoneos*]" = "iPhone Developer";
				COPY_PHASE_STRIP = NO;
				DEBUG_INFORMATION_FORMAT = dwarf;
				ENABLE_STRICT_OBJC_MSGSEND = YES;
				ENABLE_TESTABILITY = YES;
				GCC_C_LANGUAGE_STANDARD = gnu99;
				GCC_DYNAMIC_NO_PIC = NO;
				GCC_NO_COMMON_BLOCKS = YES;
				GCC_OPTIMIZATION_LEVEL = 0;
				GCC_PREPROCESSOR_DEFINITIONS = (
					"DEBUG=1",
					"$(inherited)",
				);
				GCC_WARN_64_TO_32_BIT_CONVERSION = YES;
				GCC_WARN_ABOUT_RETURN_TYPE = YES_ERROR;
				GCC_WARN_UNDECLARED_SELECTOR = YES;
				GCC_WARN_UNINITIALIZED_AUTOS = YES_AGGRESSIVE;
				GCC_WARN_UNUSED_FUNCTION = YES;
				GCC_WARN_UNUSED_VARIABLE = YES;
				IPHONEOS_DEPLOYMENT_TARGET = 10.2;
				MTL_ENABLE_DEBUG_INFO = YES;
				ONLY_ACTIVE_ARCH = YES;
				SDKROOT = iphoneos;
				SWIFT_ACTIVE_COMPILATION_CONDITIONS = DEBUG;
				SWIFT_OPTIMIZATION_LEVEL = "-Onone";
				TARGETED_DEVICE_FAMILY = "1,2";
			};
			name = Debug;
		};
		CB4378541E88EB6600176B1D /* Release */ = {
			isa = XCBuildConfiguration;
			buildSettings = {
				ALWAYS_SEARCH_USER_PATHS = NO;
				CLANG_ANALYZER_NONNULL = YES;
				CLANG_CXX_LANGUAGE_STANDARD = "gnu++0x";
				CLANG_CXX_LIBRARY = "libc++";
				CLANG_ENABLE_MODULES = YES;
				CLANG_ENABLE_OBJC_ARC = YES;
				CLANG_WARN_BOOL_CONVERSION = YES;
				CLANG_WARN_CONSTANT_CONVERSION = YES;
				CLANG_WARN_DIRECT_OBJC_ISA_USAGE = YES_ERROR;
				CLANG_WARN_DOCUMENTATION_COMMENTS = YES;
				CLANG_WARN_EMPTY_BODY = YES;
				CLANG_WARN_ENUM_CONVERSION = YES;
				CLANG_WARN_INFINITE_RECURSION = YES;
				CLANG_WARN_INT_CONVERSION = YES;
				CLANG_WARN_OBJC_ROOT_CLASS = YES_ERROR;
				CLANG_WARN_SUSPICIOUS_MOVE = YES;
				CLANG_WARN_UNREACHABLE_CODE = YES;
				CLANG_WARN__DUPLICATE_METHOD_MATCH = YES;
				"CODE_SIGN_IDENTITY[sdk=iphoneos*]" = "iPhone Developer";
				COPY_PHASE_STRIP = NO;
				DEBUG_INFORMATION_FORMAT = "dwarf-with-dsym";
				ENABLE_NS_ASSERTIONS = NO;
				ENABLE_STRICT_OBJC_MSGSEND = YES;
				GCC_C_LANGUAGE_STANDARD = gnu99;
				GCC_NO_COMMON_BLOCKS = YES;
				GCC_WARN_64_TO_32_BIT_CONVERSION = YES;
				GCC_WARN_ABOUT_RETURN_TYPE = YES_ERROR;
				GCC_WARN_UNDECLARED_SELECTOR = YES;
				GCC_WARN_UNINITIALIZED_AUTOS = YES_AGGRESSIVE;
				GCC_WARN_UNUSED_FUNCTION = YES;
				GCC_WARN_UNUSED_VARIABLE = YES;
				IPHONEOS_DEPLOYMENT_TARGET = 10.2;
				MTL_ENABLE_DEBUG_INFO = NO;
				SDKROOT = iphoneos;
				SWIFT_OPTIMIZATION_LEVEL = "-Owholemodule";
				TARGETED_DEVICE_FAMILY = "1,2";
				VALIDATE_PRODUCT = YES;
			};
			name = Release;
		};
		CB4378561E88EB6600176B1D /* Debug */ = {
			isa = XCBuildConfiguration;
			buildSettings = {
				ASSETCATALOG_COMPILER_APPICON_NAME = AppIcon;
				INFOPLIST_FILE = Interests/Info.plist;
				LD_RUNPATH_SEARCH_PATHS = "$(inherited) @executable_path/Frameworks";
				PRODUCT_BUNDLE_IDENTIFIER = whisperkarl.Interests;
				PRODUCT_NAME = "$(TARGET_NAME)";
				SWIFT_VERSION = 3.0;
			};
			name = Debug;
		};
		CB4378571E88EB6600176B1D /* Release */ = {
			isa = XCBuildConfiguration;
			buildSettings = {
				ASSETCATALOG_COMPILER_APPICON_NAME = AppIcon;
				INFOPLIST_FILE = Interests/Info.plist;
				LD_RUNPATH_SEARCH_PATHS = "$(inherited) @executable_path/Frameworks";
				PRODUCT_BUNDLE_IDENTIFIER = whisperkarl.Interests;
				PRODUCT_NAME = "$(TARGET_NAME)";
				SWIFT_VERSION = 3.0;
			};
			name = Release;
		};
/* End XCBuildConfiguration section */

/* Begin XCConfigurationList section */
		CB43783E1E88EB6600176B1D /* Build configuration list for PBXProject "Interests" */ = {
			isa = XCConfigurationList;
			buildConfigurations = (
				CB4378531E88EB6600176B1D /* Debug */,
				CB4378541E88EB6600176B1D /* Release */,
			);
			defaultConfigurationIsVisible = 0;
			defaultConfigurationName = Release;
		};
		CB4378551E88EB6600176B1D /* Build configuration list for PBXNativeTarget "Interests" */ = {
			isa = XCConfigurationList;
			buildConfigurations = (
				CB4378561E88EB6600176B1D /* Debug */,
				CB4378571E88EB6600176B1D /* Release */,
			);
			defaultConfigurationIsVisible = 0;
		};
/* End XCConfigurationList section */
	};
	rootObject = CB43783B1E88EB6600176B1D /* Project object */;
}
