// !$*UTF8*$!
{
	archiveVersion = 1;
	classes = {
	};
	objectVersion = 46;
	objects = {

/* Begin PBXBuildFile section */
		CB962BCA1E8BAC2B009C56F5 /* MainViewController.swift in Sources */ = {isa = PBXBuildFile; fileRef = CB962BC91E8BAC2B009C56F5 /* MainViewController.swift */; };
		CB962BCC1E8BAC33009C56F5 /* MenuViewController.swift in Sources */ = {isa = PBXBuildFile; fileRef = CB962BCB1E8BAC33009C56F5 /* MenuViewController.swift */; };
		CB962BCE1E8BB339009C56F5 /* TransitionManager.swift in Sources */ = {isa = PBXBuildFile; fileRef = CB962BCD1E8BB339009C56F5 /* TransitionManager.swift */; };
		CBD801091E8A5C8600E30A5F /* AppDelegate.swift in Sources */ = {isa = PBXBuildFile; fileRef = CBD801081E8A5C8600E30A5F /* AppDelegate.swift */; };
		CBD8010E1E8A5C8600E30A5F /* Main.storyboard in Resources */ = {isa = PBXBuildFile; fileRef = CBD8010C1E8A5C8600E30A5F /* Main.storyboard */; };
		CBD801101E8A5C8600E30A5F /* Assets.xcassets in Resources */ = {isa = PBXBuildFile; fileRef = CBD8010F1E8A5C8600E30A5F /* Assets.xcassets */; };
		CBD801131E8A5C8600E30A5F /* LaunchScreen.storyboard in Resources */ = {isa = PBXBuildFile; fileRef = CBD801111E8A5C8600E30A5F /* LaunchScreen.storyboard */; };
/* End PBXBuildFile section */

/* Begin PBXFileReference section */
		CB962BC91E8BAC2B009C56F5 /* MainViewController.swift */ = {isa = PBXFileReference; fileEncoding = 4; lastKnownFileType = sourcecode.swift; path = MainViewController.swift; sourceTree = "<group>"; };
		CB962BCB1E8BAC33009C56F5 /* MenuViewController.swift */ = {isa = PBXFileReference; fileEncoding = 4; lastKnownFileType = sourcecode.swift; path = MenuViewController.swift; sourceTree = "<group>"; };
		CB962BCD1E8BB339009C56F5 /* TransitionManager.swift */ = {isa = PBXFileReference; fileEncoding = 4; lastKnownFileType = sourcecode.swift; path = TransitionManager.swift; sourceTree = "<group>"; };
		CBD801051E8A5C8600E30A5F /* Tumblr.app */ = {isa = PBXFileReference; explicitFileType = wrapper.application; includeInIndex = 0; path = Tumblr.app; sourceTree = BUILT_PRODUCTS_DIR; };
		CBD801081E8A5C8600E30A5F /* AppDelegate.swift */ = {isa = PBXFileReference; lastKnownFileType = sourcecode.swift; path = AppDelegate.swift; sourceTree = "<group>"; };
		CBD8010D1E8A5C8600E30A5F /* Base */ = {isa = PBXFileReference; lastKnownFileType = file.storyboard; name = Base; path = Base.lproj/Main.storyboard; sourceTree = "<group>"; };
		CBD8010F1E8A5C8600E30A5F /* Assets.xcassets */ = {isa = PBXFileReference; lastKnownFileType = folder.assetcatalog; path = Assets.xcassets; sourceTree = "<group>"; };
		CBD801121E8A5C8600E30A5F /* Base */ = {isa = PBXFileReference; lastKnownFileType = file.storyboard; name = Base; path = Base.lproj/LaunchScreen.storyboard; sourceTree = "<group>"; };
		CBD801141E8A5C8600E30A5F /* Info.plist */ = {isa = PBXFileReference; lastKnownFileType = text.plist.xml; path = Info.plist; sourceTree = "<group>"; };
/* End PBXFileReference section */

/* Begin PBXFrameworksBuildPhase section */
		CBD801021E8A5C8600E30A5F /* Frameworks */ = {
			isa = PBXFrameworksBuildPhase;
			buildActionMask = 2147483647;
			files = (
			);
			runOnlyForDeploymentPostprocessing = 0;
		};
/* End PBXFrameworksBuildPhase section */

/* Begin PBXGroup section */
		CBD800FC1E8A5C8600E30A5F = {
			isa = PBXGroup;
			children = (
				CBD801071E8A5C8600E30A5F /* Tumblr */,
				CBD801061E8A5C8600E30A5F /* Products */,
			);
			sourceTree = "<group>";
		};
		CBD801061E8A5C8600E30A5F /* Products */ = {
			isa = PBXGroup;
			children = (
				CBD801051E8A5C8600E30A5F /* Tumblr.app */,
			);
			name = Products;
			sourceTree = "<group>";
		};
		CBD801071E8A5C8600E30A5F /* Tumblr */ = {
			isa = PBXGroup;
			children = (
				CBD801081E8A5C8600E30A5F /* AppDelegate.swift */,
				CB962BC91E8BAC2B009C56F5 /* MainViewController.swift */,
				CB962BCB1E8BAC33009C56F5 /* MenuViewController.swift */,
				CB962BCD1E8BB339009C56F5 /* TransitionManager.swift */,
				CBD8010C1E8A5C8600E30A5F /* Main.storyboard */,
				CBD8010F1E8A5C8600E30A5F /* Assets.xcassets */,
				CBD801111E8A5C8600E30A5F /* LaunchScreen.storyboard */,
				CBD801141E8A5C8600E30A5F /* Info.plist */,
			);
			path = Tumblr;
			sourceTree = "<group>";
		};
/* End PBXGroup section */

/* Begin PBXNativeTarget section */
		CBD801041E8A5C8600E30A5F /* Tumblr */ = {
			isa = PBXNativeTarget;
			buildConfigurationList = CBD801171E8A5C8600E30A5F /* Build configuration list for PBXNativeTarget "Tumblr" */;
			buildPhases = (
				CBD801011E8A5C8600E30A5F /* Sources */,
				CBD801021E8A5C8600E30A5F /* Frameworks */,
				CBD801031E8A5C8600E30A5F /* Resources */,
			);
			buildRules = (
			);
			dependencies = (
			);
			name = Tumblr;
			productName = Tumblr;
			productReference = CBD801051E8A5C8600E30A5F /* Tumblr.app */;
			productType = "com.apple.product-type.application";
		};
/* End PBXNativeTarget section */

/* Begin PBXProject section */
		CBD800FD1E8A5C8600E30A5F /* Project object */ = {
			isa = PBXProject;
			attributes = {
				LastSwiftUpdateCheck = 0820;
				LastUpgradeCheck = 0820;
				ORGANIZATIONNAME = whisperkarl.com;
				TargetAttributes = {
					CBD801041E8A5C8600E30A5F = {
						CreatedOnToolsVersion = 8.2.1;
						ProvisioningStyle = Automatic;
					};
				};
			};
			buildConfigurationList = CBD801001E8A5C8600E30A5F /* Build configuration list for PBXProject "Tumblr" */;
			compatibilityVersion = "Xcode 3.2";
			developmentRegion = English;
			hasScannedForEncodings = 0;
			knownRegions = (
				en,
				Base,
			);
			mainGroup = CBD800FC1E8A5C8600E30A5F;
			productRefGroup = CBD801061E8A5C8600E30A5F /* Products */;
			projectDirPath = "";
			projectRoot = "";
			targets = (
				CBD801041E8A5C8600E30A5F /* Tumblr */,
			);
		};
/* End PBXProject section */

/* Begin PBXResourcesBuildPhase section */
		CBD801031E8A5C8600E30A5F /* Resources */ = {
			isa = PBXResourcesBuildPhase;
			buildActionMask = 2147483647;
			files = (
				CBD801131E8A5C8600E30A5F /* LaunchScreen.storyboard in Resources */,
				CBD801101E8A5C8600E30A5F /* Assets.xcassets in Resources */,
				CBD8010E1E8A5C8600E30A5F /* Main.storyboard in Resources */,
			);
			runOnlyForDeploymentPostprocessing = 0;
		};
/* End PBXResourcesBuildPhase section */

/* Begin PBXSourcesBuildPhase section */
		CBD801011E8A5C8600E30A5F /* Sources */ = {
			isa = PBXSourcesBuildPhase;
			buildActionMask = 2147483647;
			files = (
				CB962BCE1E8BB339009C56F5 /* TransitionManager.swift in Sources */,
				CBD801091E8A5C8600E30A5F /* AppDelegate.swift in Sources */,
				CB962BCC1E8BAC33009C56F5 /* MenuViewController.swift in Sources */,
				CB962BCA1E8BAC2B009C56F5 /* MainViewController.swift in Sources */,
			);
			runOnlyForDeploymentPostprocessing = 0;
		};
/* End PBXSourcesBuildPhase section */

/* Begin PBXVariantGroup section */
		CBD8010C1E8A5C8600E30A5F /* Main.storyboard */ = {
			isa = PBXVariantGroup;
			children = (
				CBD8010D1E8A5C8600E30A5F /* Base */,
			);
			name = Main.storyboard;
			sourceTree = "<group>";
		};
		CBD801111E8A5C8600E30A5F /* LaunchScreen.storyboard */ = {
			isa = PBXVariantGroup;
			children = (
				CBD801121E8A5C8600E30A5F /* Base */,
			);
			name = LaunchScreen.storyboard;
			sourceTree = "<group>";
		};
/* End PBXVariantGroup section */

/* Begin XCBuildConfiguration section */
		CBD801151E8A5C8600E30A5F /* Debug */ = {
			isa = XCBuildConfiguration;
			buildSettings = {
				ALWAYS_SEARCH_USER_PATHS = NO;
				CLANG_ANALYZER_NONNULL = YES;
				CLANG_CXX_LANGUAGE_STANDARD = "gnu++0x";
				CLANG_CXX_LIBRARY = "libc++";
				CLANG_ENABLE_MODULES = YES;
				CLANG_ENABLE_OBJC_ARC = YES;
				CLANG_WARN_BOOL_CONVERSION = YES;
				CLANG_WARN_CONSTANT_CONVERSION = YES;
				CLANG_WARN_DIRECT_OBJC_ISA_USAGE = YES_ERROR;
				CLANG_WARN_DOCUMENTATION_COMMENTS = YES;
				CLANG_WARN_EMPTY_BODY = YES;
				CLANG_WARN_ENUM_CONVERSION = YES;
				CLANG_WARN_INFINITE_RECURSION = YES;
				CLANG_WARN_INT_CONVERSION = YES;
				CLANG_WARN_OBJC_ROOT_CLASS = YES_ERROR;
				CLANG_WARN_SUSPICIOUS_MOVE = YES;
				CLANG_WARN_UNREACHABLE_CODE = YES;
				CLANG_WARN__DUPLICATE_METHOD_MATCH = YES;
				"CODE_SIGN_IDENTITY[sdk=iphoneos*]" = "iPhone Developer";
				COPY_PHASE_STRIP = NO;
				DEBUG_INFORMATION_FORMAT = dwarf;
				ENABLE_STRICT_OBJC_MSGSEND = YES;
				ENABLE_TESTABILITY = YES;
				GCC_C_LANGUAGE_STANDARD = gnu99;
				GCC_DYNAMIC_NO_PIC = NO;
				GCC_NO_COMMON_BLOCKS = YES;
				GCC_OPTIMIZATION_LEVEL = 0;
				GCC_PREPROCESSOR_DEFINITIONS = (
					"DEBUG=1",
					"$(inherited)",
				);
				GCC_WARN_64_TO_32_BIT_CONVERSION = YES;
				GCC_WARN_ABOUT_RETURN_TYPE = YES_ERROR;
				GCC_WARN_UNDECLARED_SELECTOR = YES;
				GCC_WARN_UNINITIALIZED_AUTOS = YES_AGGRESSIVE;
				GCC_WARN_UNUSED_FUNCTION = YES;
				GCC_WARN_UNUSED_VARIABLE = YES;
				IPHONEOS_DEPLOYMENT_TARGET = 10.2;
				MTL_ENABLE_DEBUG_INFO = YES;
				ONLY_ACTIVE_ARCH = YES;
				SDKROOT = iphoneos;
				SWIFT_ACTIVE_COMPILATION_CONDITIONS = DEBUG;
				SWIFT_OPTIMIZATION_LEVEL = "-Onone";
				TARGETED_DEVICE_FAMILY = "1,2";
			};
			name = Debug;
		};
		CBD801161E8A5C8600E30A5F /* Release */ = {
			isa = XCBuildConfiguration;
			buildSettings = {
				ALWAYS_SEARCH_USER_PATHS = NO;
				CLANG_ANALYZER_NONNULL = YES;
				CLANG_CXX_LANGUAGE_STANDARD = "gnu++0x";
				CLANG_CXX_LIBRARY = "libc++";
				CLANG_ENABLE_MODULES = YES;
				CLANG_ENABLE_OBJC_ARC = YES;
				CLANG_WARN_BOOL_CONVERSION = YES;
				CLANG_WARN_CONSTANT_CONVERSION = YES;
				CLANG_WARN_DIRECT_OBJC_ISA_USAGE = YES_ERROR;
				CLANG_WARN_DOCUMENTATION_COMMENTS = YES;
				CLANG_WARN_EMPTY_BODY = YES;
				CLANG_WARN_ENUM_CONVERSION = YES;
				CLANG_WARN_INFINITE_RECURSION = YES;
				CLANG_WARN_INT_CONVERSION = YES;
				CLANG_WARN_OBJC_ROOT_CLASS = YES_ERROR;
				CLANG_WARN_SUSPICIOUS_MOVE = YES;
				CLANG_WARN_UNREACHABLE_CODE = YES;
				CLANG_WARN__DUPLICATE_METHOD_MATCH = YES;
				"CODE_SIGN_IDENTITY[sdk=iphoneos*]" = "iPhone Developer";
				COPY_PHASE_STRIP = NO;
				DEBUG_INFORMATION_FORMAT = "dwarf-with-dsym";
				ENABLE_NS_ASSERTIONS = NO;
				ENABLE_STRICT_OBJC_MSGSEND = YES;
				GCC_C_LANGUAGE_STANDARD = gnu99;
				GCC_NO_COMMON_BLOCKS = YES;
				GCC_WARN_64_TO_32_BIT_CONVERSION = YES;
				GCC_WARN_ABOUT_RETURN_TYPE = YES_ERROR;
				GCC_WARN_UNDECLARED_SELECTOR = YES;
				GCC_WARN_UNINITIALIZED_AUTOS = YES_AGGRESSIVE;
				GCC_WARN_UNUSED_FUNCTION = YES;
				GCC_WARN_UNUSED_VARIABLE = YES;
				IPHONEOS_DEPLOYMENT_TARGET = 10.2;
				MTL_ENABLE_DEBUG_INFO = NO;
				SDKROOT = iphoneos;
				SWIFT_OPTIMIZATION_LEVEL = "-Owholemodule";
				TARGETED_DEVICE_FAMILY = "1,2";
				VALIDATE_PRODUCT = YES;
			};
			name = Release;
		};
		CBD801181E8A5C8600E30A5F /* Debug */ = {
			isa = XCBuildConfiguration;
			buildSettings = {
				ASSETCATALOG_COMPILER_APPICON_NAME = AppIcon;
				INFOPLIST_FILE = Tumblr/Info.plist;
				LD_RUNPATH_SEARCH_PATHS = "$(inherited) @executable_path/Frameworks";
				PRODUCT_BUNDLE_IDENTIFIER = whisperkarl.Tumblr;
				PRODUCT_NAME = "$(TARGET_NAME)";
				SWIFT_VERSION = 3.0;
			};
			name = Debug;
		};
		CBD801191E8A5C8600E30A5F /* Release */ = {
			isa = XCBuildConfiguration;
			buildSettings = {
				ASSETCATALOG_COMPILER_APPICON_NAME = AppIcon;
				INFOPLIST_FILE = Tumblr/Info.plist;
				LD_RUNPATH_SEARCH_PATHS = "$(inherited) @executable_path/Frameworks";
				PRODUCT_BUNDLE_IDENTIFIER = whisperkarl.Tumblr;
				PRODUCT_NAME = "$(TARGET_NAME)";
				SWIFT_VERSION = 3.0;
			};
			name = Release;
		};
/* End XCBuildConfiguration section */

/* Begin XCConfigurationList section */
		CBD801001E8A5C8600E30A5F /* Build configuration list for PBXProject "Tumblr" */ = {
			isa = XCConfigurationList;
			buildConfigurations = (
				CBD801151E8A5C8600E30A5F /* Debug */,
				CBD801161E8A5C8600E30A5F /* Release */,
			);
			defaultConfigurationIsVisible = 0;
			defaultConfigurationName = Release;
		};
		CBD801171E8A5C8600E30A5F /* Build configuration list for PBXNativeTarget "Tumblr" */ = {
			isa = XCConfigurationList;
			buildConfigurations = (
				CBD801181E8A5C8600E30A5F /* Debug */,
				CBD801191E8A5C8600E30A5F /* Release */,
			);
			defaultConfigurationIsVisible = 0;
			defaultConfigurationName = Release;
		};
/* End XCConfigurationList section */
	};
	rootObject = CBD800FD1E8A5C8600E30A5F /* Project object */;
}
